{
  "version": 4,
  "terraform_version": "1.4.6",
  "serial": 19,
  "lineage": "794437f6-772b-1846-45a1-3debf1a7795d",
  "outputs": {},
  "resources": [
    {
      "mode": "managed",
      "type": "azurerm_management_group",
      "name": "managementgroup_childA0",
      "provider": "provider[\"registry.terraform.io/hashicorp/azurerm\"]",
      "instances": [
        {
          "schema_version": 0,
          "attributes": {
            "display_name": "mg-isg-platform",
            "id": "/providers/Microsoft.Management/managementGroups/e5d46207-bf67-4fee-9937-5ca6e505aee6",
            "name": "e5d46207-bf67-4fee-9937-5ca6e505aee6",
            "parent_management_group_id": "/providers/Microsoft.Management/managementGroups/3c17e47f-012a-4bea-93bd-e543bf8d41e3",
            "subscription_ids": [],
            "timeouts": null
          },
          "sensitive_attributes": [],
          "private": "eyJlMmJmYjczMC1lY2FhLTExZTYtOGY4OC0zNDM2M2JjN2M0YzAiOnsiY3JlYXRlIjoxODAwMDAwMDAwMDAwLCJkZWxldGUiOjE4MDAwMDAwMDAwMDAsInJlYWQiOjMwMDAwMDAwMDAwMCwidXBkYXRlIjoxODAwMDAwMDAwMDAwfX0=",
          "dependencies": [
            "azurerm_management_group.managementgroup_parent"
          ]
        }
      ]
    },
    {
      "mode": "managed",
      "type": "azurerm_management_group",
      "name": "managementgroup_childA1",
      "provider": "provider[\"registry.terraform.io/hashicorp/azurerm\"]",
      "instances": [
        {
          "schema_version": 0,
          "attributes": {
            "display_name": "mg-isg-platform-conn",
            "id": "/providers/Microsoft.Management/managementGroups/423867cd-6f5f-437e-8ccd-77a91fa4d26b",
            "name": "423867cd-6f5f-437e-8ccd-77a91fa4d26b",
            "parent_management_group_id": "/providers/Microsoft.Management/managementGroups/e5d46207-bf67-4fee-9937-5ca6e505aee6",
            "subscription_ids": [],
            "timeouts": null
          },
          "sensitive_attributes": [],
          "private": "eyJlMmJmYjczMC1lY2FhLTExZTYtOGY4OC0zNDM2M2JjN2M0YzAiOnsiY3JlYXRlIjoxODAwMDAwMDAwMDAwLCJkZWxldGUiOjE4MDAwMDAwMDAwMDAsInJlYWQiOjMwMDAwMDAwMDAwMCwidXBkYXRlIjoxODAwMDAwMDAwMDAwfX0=",
          "dependencies": [
            "azurerm_management_group.managementgroup_childA0",
            "azurerm_management_group.managementgroup_parent"
          ]
        }
      ]
    },
    {
      "mode": "managed",
      "type": "azurerm_management_group",
      "name": "managementgroup_childA2",
      "provider": "provider[\"registry.terraform.io/hashicorp/azurerm\"]",
      "instances": [
        {
          "schema_version": 0,
          "attributes": {
            "display_name": "mg-isg-platform-iden",
            "id": "/providers/Microsoft.Management/managementGroups/54a75c3c-9f1e-4ab8-9a2b-0c32f3c88096",
            "name": "54a75c3c-9f1e-4ab8-9a2b-0c32f3c88096",
            "parent_management_group_id": "/providers/Microsoft.Management/managementGroups/e5d46207-bf67-4fee-9937-5ca6e505aee6",
            "subscription_ids": [],
            "timeouts": null
          },
          "sensitive_attributes": [],
          "private": "eyJlMmJmYjczMC1lY2FhLTExZTYtOGY4OC0zNDM2M2JjN2M0YzAiOnsiY3JlYXRlIjoxODAwMDAwMDAwMDAwLCJkZWxldGUiOjE4MDAwMDAwMDAwMDAsInJlYWQiOjMwMDAwMDAwMDAwMCwidXBkYXRlIjoxODAwMDAwMDAwMDAwfX0=",
          "dependencies": [
            "azurerm_management_group.managementgroup_childA0",
            "azurerm_management_group.managementgroup_parent"
          ]
        }
      ]
    },
    {
      "mode": "managed",
      "type": "azurerm_management_group",
      "name": "managementgroup_childA3",
      "provider": "provider[\"registry.terraform.io/hashicorp/azurerm\"]",
      "instances": [
        {
          "schema_version": 0,
          "attributes": {
            "display_name": "mg-isg-platform-mgmt",
            "id": "/providers/Microsoft.Management/managementGroups/147cd26b-81a7-49d1-a11f-44bf4cb5e4ed",
            "name": "147cd26b-81a7-49d1-a11f-44bf4cb5e4ed",
            "parent_management_group_id": "/providers/Microsoft.Management/managementGroups/e5d46207-bf67-4fee-9937-5ca6e505aee6",
            "subscription_ids": [],
            "timeouts": null
          },
          "sensitive_attributes": [],
          "private": "eyJlMmJmYjczMC1lY2FhLTExZTYtOGY4OC0zNDM2M2JjN2M0YzAiOnsiY3JlYXRlIjoxODAwMDAwMDAwMDAwLCJkZWxldGUiOjE4MDAwMDAwMDAwMDAsInJlYWQiOjMwMDAwMDAwMDAwMCwidXBkYXRlIjoxODAwMDAwMDAwMDAwfX0=",
          "dependencies": [
            "azurerm_management_group.managementgroup_childA0",
            "azurerm_management_group.managementgroup_parent"
          ]
        }
      ]
    },
    {
      "mode": "managed",
      "type": "azurerm_management_group",
      "name": "managementgroup_childB0",
      "provider": "provider[\"registry.terraform.io/hashicorp/azurerm\"]",
      "instances": [
        {
          "schema_version": 0,
          "attributes": {
            "display_name": "mg-isg-sd1",
            "id": "/providers/Microsoft.Management/managementGroups/d3c5ebcc-c719-4065-a476-a9dfb2eae82e",
            "name": "d3c5ebcc-c719-4065-a476-a9dfb2eae82e",
            "parent_management_group_id": "/providers/Microsoft.Management/managementGroups/3c17e47f-012a-4bea-93bd-e543bf8d41e3",
            "subscription_ids": [],
            "timeouts": null
          },
          "sensitive_attributes": [],
          "private": "eyJlMmJmYjczMC1lY2FhLTExZTYtOGY4OC0zNDM2M2JjN2M0YzAiOnsiY3JlYXRlIjoxODAwMDAwMDAwMDAwLCJkZWxldGUiOjE4MDAwMDAwMDAwMDAsInJlYWQiOjMwMDAwMDAwMDAwMCwidXBkYXRlIjoxODAwMDAwMDAwMDAwfX0=",
          "dependencies": [
            "azurerm_management_group.managementgroup_parent"
          ]
        }
      ]
    },
    {
      "mode": "managed",
      "type": "azurerm_management_group",
      "name": "managementgroup_childB1",
      "provider": "provider[\"registry.terraform.io/hashicorp/azurerm\"]",
      "instances": [
        {
          "schema_version": 0,
          "attributes": {
            "display_name": "mg-isg-sd1-prd",
            "id": "/providers/Microsoft.Management/managementGroups/c0378540-916c-46c5-a907-8dc643c30b79",
            "name": "c0378540-916c-46c5-a907-8dc643c30b79",
            "parent_management_group_id": "/providers/Microsoft.Management/managementGroups/d3c5ebcc-c719-4065-a476-a9dfb2eae82e",
            "subscription_ids": [],
            "timeouts": null
          },
          "sensitive_attributes": [],
          "private": "eyJlMmJmYjczMC1lY2FhLTExZTYtOGY4OC0zNDM2M2JjN2M0YzAiOnsiY3JlYXRlIjoxODAwMDAwMDAwMDAwLCJkZWxldGUiOjE4MDAwMDAwMDAwMDAsInJlYWQiOjMwMDAwMDAwMDAwMCwidXBkYXRlIjoxODAwMDAwMDAwMDAwfX0=",
          "dependencies": [
            "azurerm_management_group.managementgroup_childB0",
            "azurerm_management_group.managementgroup_parent"
          ]
        }
      ]
    },
    {
      "mode": "managed",
      "type": "azurerm_management_group",
      "name": "managementgroup_parent",
      "provider": "provider[\"registry.terraform.io/hashicorp/azurerm\"]",
      "instances": [
        {
          "schema_version": 0,
          "attributes": {
            "display_name": "mg-isg-root",
            "id": "/providers/Microsoft.Management/managementGroups/3c17e47f-012a-4bea-93bd-e543bf8d41e3",
            "name": "3c17e47f-012a-4bea-93bd-e543bf8d41e3",
            "parent_management_group_id": "/providers/Microsoft.Management/managementGroups/63964d5d-0bad-40b1-b770-a2e7b348ce58",
            "subscription_ids": [],
            "timeouts": null
          },
          "sensitive_attributes": [],
          "private": "eyJlMmJmYjczMC1lY2FhLTExZTYtOGY4OC0zNDM2M2JjN2M0YzAiOnsiY3JlYXRlIjoxODAwMDAwMDAwMDAwLCJkZWxldGUiOjE4MDAwMDAwMDAwMDAsInJlYWQiOjMwMDAwMDAwMDAwMCwidXBkYXRlIjoxODAwMDAwMDAwMDAwfX0="
        }
      ]
    }
  ],
  "check_results": null
}
